// !$*UTF8*$!
{
	archiveVersion = 1;
	classes = {
	};
	objectVersion = 50;
	objects = {

/* Begin PBXBuildFile section */
		7A3122AF24690175001B1C82 /* AppDelegate.swift in Sources */ = {isa = PBXBuildFile; fileRef = 7A3122AE24690175001B1C82 /* AppDelegate.swift */; };
		7A3122B124690175001B1C82 /* SceneDelegate.swift in Sources */ = {isa = PBXBuildFile; fileRef = 7A3122B024690175001B1C82 /* SceneDelegate.swift */; };
		7A3122B624690175001B1C82 /* Main.storyboard in Resources */ = {isa = PBXBuildFile; fileRef = 7A3122B424690175001B1C82 /* Main.storyboard */; };
		7A3122B82469017C001B1C82 /* Assets.xcassets in Resources */ = {isa = PBXBuildFile; fileRef = 7A3122B72469017C001B1C82 /* Assets.xcassets */; };
		7A3122BB2469017D001B1C82 /* LaunchScreen.storyboard in Resources */ = {isa = PBXBuildFile; fileRef = 7A3122B92469017D001B1C82 /* LaunchScreen.storyboard */; };
		7A3122C62469017D001B1C82 /* PhotoramaTests.swift in Sources */ = {isa = PBXBuildFile; fileRef = 7A3122C52469017D001B1C82 /* PhotoramaTests.swift */; };
		7A3122D12469017D001B1C82 /* PhotoramaUITests.swift in Sources */ = {isa = PBXBuildFile; fileRef = 7A3122D02469017D001B1C82 /* PhotoramaUITests.swift */; };
		7A3122DF246901A9001B1C82 /* PhotosViewController.swift in Sources */ = {isa = PBXBuildFile; fileRef = 7A3122DE246901A9001B1C82 /* PhotosViewController.swift */; };
		7A3122E124690987001B1C82 /* FlickrAPI.swift in Sources */ = {isa = PBXBuildFile; fileRef = 7A3122E024690987001B1C82 /* FlickrAPI.swift */; };
		7A3122E324690AEF001B1C82 /* PhotoStore.swift in Sources */ = {isa = PBXBuildFile; fileRef = 7A3122E224690AEF001B1C82 /* PhotoStore.swift */; };
		7A3122E72469148B001B1C82 /* PhotoDataSource.swift in Sources */ = {isa = PBXBuildFile; fileRef = 7A3122E62469148B001B1C82 /* PhotoDataSource.swift */; };
		7A3122E9246917EA001B1C82 /* PhotoCollectionViewCell.swift in Sources */ = {isa = PBXBuildFile; fileRef = 7A3122E8246917EA001B1C82 /* PhotoCollectionViewCell.swift */; };
		7A3122EB246920B6001B1C82 /* ImageStore.swift in Sources */ = {isa = PBXBuildFile; fileRef = 7A3122EA246920B6001B1C82 /* ImageStore.swift */; };
		7A3122ED24692187001B1C82 /* PhotoInfoViewController.swift in Sources */ = {isa = PBXBuildFile; fileRef = 7A3122EC24692187001B1C82 /* PhotoInfoViewController.swift */; };
		7A312330246A23FC001B1C82 /* Photorama.xcdatamodeld in Sources */ = {isa = PBXBuildFile; fileRef = 7A31232E246A23FC001B1C82 /* Photorama.xcdatamodeld */; };
		7A312333246A24C1001B1C82 /* Photo+CoreDataClass.swift in Sources */ = {isa = PBXBuildFile; fileRef = 7A312331246A24C1001B1C82 /* Photo+CoreDataClass.swift */; };
		7A312336246A2A96001B1C82 /* Photo+CoreDataProperties.swift in Sources */ = {isa = PBXBuildFile; fileRef = 7A312335246A2A96001B1C82 /* Photo+CoreDataProperties.swift */; };
		7A312338246A2B90001B1C82 /* TagsViewController.swift in Sources */ = {isa = PBXBuildFile; fileRef = 7A312337246A2B90001B1C82 /* TagsViewController.swift */; };
		7A31233A246A2BC7001B1C82 /* TagDataSource.swift in Sources */ = {isa = PBXBuildFile; fileRef = 7A312339246A2BC7001B1C82 /* TagDataSource.swift */; };
/* End PBXBuildFile section */

/* Begin PBXContainerItemProxy section */
		7A3122C22469017D001B1C82 /* PBXContainerItemProxy */ = {
			isa = PBXContainerItemProxy;
			containerPortal = 7A3122A324690175001B1C82 /* Project object */;
			proxyType = 1;
			remoteGlobalIDString = 7A3122AA24690175001B1C82;
			remoteInfo = Photorama;
		};
		7A3122CD2469017D001B1C82 /* PBXContainerItemProxy */ = {
			isa = PBXContainerItemProxy;
			containerPortal = 7A3122A324690175001B1C82 /* Project object */;
			proxyType = 1;
			remoteGlobalIDString = 7A3122AA24690175001B1C82;
			remoteInfo = Photorama;
		};
/* End PBXContainerItemProxy section */

/* Begin PBXFileReference section */
		7A3122AB24690175001B1C82 /* Photorama.app */ = {isa = PBXFileReference; explicitFileType = wrapper.application; includeInIndex = 0; path = Photorama.app; sourceTree = BUILT_PRODUCTS_DIR; };
		7A3122AE24690175001B1C82 /* AppDelegate.swift */ = {isa = PBXFileReference; lastKnownFileType = sourcecode.swift; path = AppDelegate.swift; sourceTree = "<group>"; };
		7A3122B024690175001B1C82 /* SceneDelegate.swift */ = {isa = PBXFileReference; lastKnownFileType = sourcecode.swift; path = SceneDelegate.swift; sourceTree = "<group>"; };
		7A3122B524690175001B1C82 /* Base */ = {isa = PBXFileReference; lastKnownFileType = file.storyboard; name = Base; path = Base.lproj/Main.storyboard; sourceTree = "<group>"; };
		7A3122B72469017C001B1C82 /* Assets.xcassets */ = {isa = PBXFileReference; lastKnownFileType = folder.assetcatalog; path = Assets.xcassets; sourceTree = "<group>"; };
		7A3122BA2469017D001B1C82 /* Base */ = {isa = PBXFileReference; lastKnownFileType = file.storyboard; name = Base; path = Base.lproj/LaunchScreen.storyboard; sourceTree = "<group>"; };
		7A3122BC2469017D001B1C82 /* Info.plist */ = {isa = PBXFileReference; lastKnownFileType = text.plist.xml; path = Info.plist; sourceTree = "<group>"; };
		7A3122C12469017D001B1C82 /* PhotoramaTests.xctest */ = {isa = PBXFileReference; explicitFileType = wrapper.cfbundle; includeInIndex = 0; path = PhotoramaTests.xctest; sourceTree = BUILT_PRODUCTS_DIR; };
		7A3122C52469017D001B1C82 /* PhotoramaTests.swift */ = {isa = PBXFileReference; lastKnownFileType = sourcecode.swift; path = PhotoramaTests.swift; sourceTree = "<group>"; };
		7A3122C72469017D001B1C82 /* Info.plist */ = {isa = PBXFileReference; lastKnownFileType = text.plist.xml; path = Info.plist; sourceTree = "<group>"; };
		7A3122CC2469017D001B1C82 /* PhotoramaUITests.xctest */ = {isa = PBXFileReference; explicitFileType = wrapper.cfbundle; includeInIndex = 0; path = PhotoramaUITests.xctest; sourceTree = BUILT_PRODUCTS_DIR; };
		7A3122D02469017D001B1C82 /* PhotoramaUITests.swift */ = {isa = PBXFileReference; lastKnownFileType = sourcecode.swift; path = PhotoramaUITests.swift; sourceTree = "<group>"; };
		7A3122D22469017D001B1C82 /* Info.plist */ = {isa = PBXFileReference; lastKnownFileType = text.plist.xml; path = Info.plist; sourceTree = "<group>"; };
		7A3122DE246901A9001B1C82 /* PhotosViewController.swift */ = {isa = PBXFileReference; lastKnownFileType = sourcecode.swift; path = PhotosViewController.swift; sourceTree = "<group>"; };
		7A3122E024690987001B1C82 /* FlickrAPI.swift */ = {isa = PBXFileReference; lastKnownFileType = sourcecode.swift; path = FlickrAPI.swift; sourceTree = "<group>"; };
		7A3122E224690AEF001B1C82 /* PhotoStore.swift */ = {isa = PBXFileReference; lastKnownFileType = sourcecode.swift; path = PhotoStore.swift; sourceTree = "<group>"; };
		7A3122E62469148B001B1C82 /* PhotoDataSource.swift */ = {isa = PBXFileReference; lastKnownFileType = sourcecode.swift; path = PhotoDataSource.swift; sourceTree = "<group>"; };
		7A3122E8246917EA001B1C82 /* PhotoCollectionViewCell.swift */ = {isa = PBXFileReference; lastKnownFileType = sourcecode.swift; path = PhotoCollectionViewCell.swift; sourceTree = "<group>"; };
		7A3122EA246920B6001B1C82 /* ImageStore.swift */ = {isa = PBXFileReference; fileEncoding = 4; lastKnownFileType = sourcecode.swift; path = ImageStore.swift; sourceTree = "<group>"; };
		7A3122EC24692187001B1C82 /* PhotoInfoViewController.swift */ = {isa = PBXFileReference; lastKnownFileType = sourcecode.swift; path = PhotoInfoViewController.swift; sourceTree = "<group>"; };
		7A31232F246A23FC001B1C82 /* Photorama.xcdatamodel */ = {isa = PBXFileReference; lastKnownFileType = wrapper.xcdatamodel; path = Photorama.xcdatamodel; sourceTree = "<group>"; };
		7A312331246A24C1001B1C82 /* Photo+CoreDataClass.swift */ = {isa = PBXFileReference; lastKnownFileType = sourcecode.swift; path = "Photo+CoreDataClass.swift"; sourceTree = "<group>"; };
		7A312335246A2A96001B1C82 /* Photo+CoreDataProperties.swift */ = {isa = PBXFileReference; lastKnownFileType = sourcecode.swift; path = "Photo+CoreDataProperties.swift"; sourceTree = "<group>"; };
		7A312337246A2B90001B1C82 /* TagsViewController.swift */ = {isa = PBXFileReference; lastKnownFileType = sourcecode.swift; path = TagsViewController.swift; sourceTree = "<group>"; };
		7A312339246A2BC7001B1C82 /* TagDataSource.swift */ = {isa = PBXFileReference; lastKnownFileType = sourcecode.swift; path = TagDataSource.swift; sourceTree = "<group>"; };
/* End PBXFileReference section */

/* Begin PBXFrameworksBuildPhase section */
		7A3122A824690175001B1C82 /* Frameworks */ = {
			isa = PBXFrameworksBuildPhase;
			buildActionMask = 2147483647;
			files = (
			);
			runOnlyForDeploymentPostprocessing = 0;
		};
		7A3122BE2469017D001B1C82 /* Frameworks */ = {
			isa = PBXFrameworksBuildPhase;
			buildActionMask = 2147483647;
			files = (
			);
			runOnlyForDeploymentPostprocessing = 0;
		};
		7A3122C92469017D001B1C82 /* Frameworks */ = {
			isa = PBXFrameworksBuildPhase;
			buildActionMask = 2147483647;
			files = (
			);
			runOnlyForDeploymentPostprocessing = 0;
		};
/* End PBXFrameworksBuildPhase section */

/* Begin PBXGroup section */
		7A3122A224690175001B1C82 = {
			isa = PBXGroup;
			children = (
				7A312335246A2A96001B1C82 /* Photo+CoreDataProperties.swift */,
				7A312331246A24C1001B1C82 /* Photo+CoreDataClass.swift */,
				7A3122AD24690175001B1C82 /* Photorama */,
				7A3122C42469017D001B1C82 /* PhotoramaTests */,
				7A3122CF2469017D001B1C82 /* PhotoramaUITests */,
				7A3122AC24690175001B1C82 /* Products */,
			);
			sourceTree = "<group>";
		};
		7A3122AC24690175001B1C82 /* Products */ = {
			isa = PBXGroup;
			children = (
				7A3122AB24690175001B1C82 /* Photorama.app */,
				7A3122C12469017D001B1C82 /* PhotoramaTests.xctest */,
				7A3122CC2469017D001B1C82 /* PhotoramaUITests.xctest */,
			);
			name = Products;
			sourceTree = "<group>";
		};
		7A3122AD24690175001B1C82 /* Photorama */ = {
			isa = PBXGroup;
			children = (
				7A3122AE24690175001B1C82 /* AppDelegate.swift */,
				7A3122B024690175001B1C82 /* SceneDelegate.swift */,
				7A3122DE246901A9001B1C82 /* PhotosViewController.swift */,
				7A312337246A2B90001B1C82 /* TagsViewController.swift */,
				7A31232E246A23FC001B1C82 /* Photorama.xcdatamodeld */,
				7A3122B424690175001B1C82 /* Main.storyboard */,
				7A3122E62469148B001B1C82 /* PhotoDataSource.swift */,
				7A312339246A2BC7001B1C82 /* TagDataSource.swift */,
				7A3122EA246920B6001B1C82 /* ImageStore.swift */,
				7A3122E024690987001B1C82 /* FlickrAPI.swift */,
				7A3122E8246917EA001B1C82 /* PhotoCollectionViewCell.swift */,
				7A3122E224690AEF001B1C82 /* PhotoStore.swift */,
				7A3122B72469017C001B1C82 /* Assets.xcassets */,
				7A3122B92469017D001B1C82 /* LaunchScreen.storyboard */,
				7A3122BC2469017D001B1C82 /* Info.plist */,
				7A3122EC24692187001B1C82 /* PhotoInfoViewController.swift */,
			);
			path = Photorama;
			sourceTree = "<group>";
		};
		7A3122C42469017D001B1C82 /* PhotoramaTests */ = {
			isa = PBXGroup;
			children = (
				7A3122C52469017D001B1C82 /* PhotoramaTests.swift */,
				7A3122C72469017D001B1C82 /* Info.plist */,
			);
			path = PhotoramaTests;
			sourceTree = "<group>";
		};
		7A3122CF2469017D001B1C82 /* PhotoramaUITests */ = {
			isa = PBXGroup;
			children = (
				7A3122D02469017D001B1C82 /* PhotoramaUITests.swift */,
				7A3122D22469017D001B1C82 /* Info.plist */,
			);
			path = PhotoramaUITests;
			sourceTree = "<group>";
		};
/* End PBXGroup section */

/* Begin PBXNativeTarget section */
		7A3122AA24690175001B1C82 /* Photorama */ = {
			isa = PBXNativeTarget;
			buildConfigurationList = 7A3122D52469017D001B1C82 /* Build configuration list for PBXNativeTarget "Photorama" */;
			buildPhases = (
				7A3122A724690175001B1C82 /* Sources */,
				7A3122A824690175001B1C82 /* Frameworks */,
				7A3122A924690175001B1C82 /* Resources */,
			);
			buildRules = (
			);
			dependencies = (
			);
			name = Photorama;
			productName = Photorama;
			productReference = 7A3122AB24690175001B1C82 /* Photorama.app */;
			productType = "com.apple.product-type.application";
		};
		7A3122C02469017D001B1C82 /* PhotoramaTests */ = {
			isa = PBXNativeTarget;
			buildConfigurationList = 7A3122D82469017D001B1C82 /* Build configuration list for PBXNativeTarget "PhotoramaTests" */;
			buildPhases = (
				7A3122BD2469017D001B1C82 /* Sources */,
				7A3122BE2469017D001B1C82 /* Frameworks */,
				7A3122BF2469017D001B1C82 /* Resources */,
			);
			buildRules = (
			);
			dependencies = (
				7A3122C32469017D001B1C82 /* PBXTargetDependency */,
			);
			name = PhotoramaTests;
			productName = PhotoramaTests;
			productReference = 7A3122C12469017D001B1C82 /* PhotoramaTests.xctest */;
			productType = "com.apple.product-type.bundle.unit-test";
		};
		7A3122CB2469017D001B1C82 /* PhotoramaUITests */ = {
			isa = PBXNativeTarget;
			buildConfigurationList = 7A3122DB2469017D001B1C82 /* Build configuration list for PBXNativeTarget "PhotoramaUITests" */;
			buildPhases = (
				7A3122C82469017D001B1C82 /* Sources */,
				7A3122C92469017D001B1C82 /* Frameworks */,
				7A3122CA2469017D001B1C82 /* Resources */,
			);
			buildRules = (
			);
			dependencies = (
				7A3122CE2469017D001B1C82 /* PBXTargetDependency */,
			);
			name = PhotoramaUITests;
			productName = PhotoramaUITests;
			productReference = 7A3122CC2469017D001B1C82 /* PhotoramaUITests.xctest */;
			productType = "com.apple.product-type.bundle.ui-testing";
		};
/* End PBXNativeTarget section */

/* Begin PBXProject section */
		7A3122A324690175001B1C82 /* Project object */ = {
			isa = PBXProject;
			attributes = {
				LastSwiftUpdateCheck = 1130;
				LastUpgradeCheck = 1130;
				ORGANIZATIONNAME = "Aiden Hadisi";
				TargetAttributes = {
					7A3122AA24690175001B1C82 = {
						CreatedOnToolsVersion = 11.3.1;
					};
					7A3122C02469017D001B1C82 = {
						CreatedOnToolsVersion = 11.3.1;
						TestTargetID = 7A3122AA24690175001B1C82;
					};
					7A3122CB2469017D001B1C82 = {
						CreatedOnToolsVersion = 11.3.1;
						TestTargetID = 7A3122AA24690175001B1C82;
					};
				};
			};
			buildConfigurationList = 7A3122A624690175001B1C82 /* Build configuration list for PBXProject "Photorama" */;
			compatibilityVersion = "Xcode 9.3";
			developmentRegion = en;
			hasScannedForEncodings = 0;
			knownRegions = (
				en,
				Base,
			);
			mainGroup = 7A3122A224690175001B1C82;
			productRefGroup = 7A3122AC24690175001B1C82 /* Products */;
			projectDirPath = "";
			projectRoot = "";
			targets = (
				7A3122AA24690175001B1C82 /* Photorama */,
				7A3122C02469017D001B1C82 /* PhotoramaTests */,
				7A3122CB2469017D001B1C82 /* PhotoramaUITests */,
			);
		};
/* End PBXProject section */

/* Begin PBXResourcesBuildPhase section */
		7A3122A924690175001B1C82 /* Resources */ = {
			isa = PBXResourcesBuildPhase;
			buildActionMask = 2147483647;
			files = (
				7A3122BB2469017D001B1C82 /* LaunchScreen.storyboard in Resources */,
				7A3122B82469017C001B1C82 /* Assets.xcassets in Resources */,
				7A3122B624690175001B1C82 /* Main.storyboard in Resources */,
			);
			runOnlyForDeploymentPostprocessing = 0;
		};
		7A3122BF2469017D001B1C82 /* Resources */ = {
			isa = PBXResourcesBuildPhase;
			buildActionMask = 2147483647;
			files = (
			);
			runOnlyForDeploymentPostprocessing = 0;
		};
		7A3122CA2469017D001B1C82 /* Resources */ = {
			isa = PBXResourcesBuildPhase;
			buildActionMask = 2147483647;
			files = (
			);
			runOnlyForDeploymentPostprocessing = 0;
		};
/* End PBXResourcesBuildPhase section */

/* Begin PBXSourcesBuildPhase section */
		7A3122A724690175001B1C82 /* Sources */ = {
			isa = PBXSourcesBuildPhase;
			buildActionMask = 2147483647;
			files = (
				7A3122ED24692187001B1C82 /* PhotoInfoViewController.swift in Sources */,
				7A3122E9246917EA001B1C82 /* PhotoCollectionViewCell.swift in Sources */,
				7A3122E72469148B001B1C82 /* PhotoDataSource.swift in Sources */,
				7A3122E324690AEF001B1C82 /* PhotoStore.swift in Sources */,
				7A3122DF246901A9001B1C82 /* PhotosViewController.swift in Sources */,
				7A312333246A24C1001B1C82 /* Photo+CoreDataClass.swift in Sources */,
				7A312338246A2B90001B1C82 /* TagsViewController.swift in Sources */,
				7A312336246A2A96001B1C82 /* Photo+CoreDataProperties.swift in Sources */,
				7A3122EB246920B6001B1C82 /* ImageStore.swift in Sources */,
				7A312330246A23FC001B1C82 /* Photorama.xcdatamodeld in Sources */,
				7A3122AF24690175001B1C82 /* AppDelegate.swift in Sources */,
				7A31233A246A2BC7001B1C82 /* TagDataSource.swift in Sources */,
				7A3122B124690175001B1C82 /* SceneDelegate.swift in Sources */,
				7A3122E124690987001B1C82 /* FlickrAPI.swift in Sources */,
			);
			runOnlyForDeploymentPostprocessing = 0;
		};
		7A3122BD2469017D001B1C82 /* Sources */ = {
			isa = PBXSourcesBuildPhase;
			buildActionMask = 2147483647;
			files = (
				7A3122C62469017D001B1C82 /* PhotoramaTests.swift in Sources */,
			);
			runOnlyForDeploymentPostprocessing = 0;
		};
		7A3122C82469017D001B1C82 /* Sources */ = {
			isa = PBXSourcesBuildPhase;
			buildActionMask = 2147483647;
			files = (
				7A3122D12469017D001B1C82 /* PhotoramaUITests.swift in Sources */,
			);
			runOnlyForDeploymentPostprocessing = 0;
		};
/* End PBXSourcesBuildPhase section */

/* Begin PBXTargetDependency section */
		7A3122C32469017D001B1C82 /* PBXTargetDependency */ = {
			isa = PBXTargetDependency;
			target = 7A3122AA24690175001B1C82 /* Photorama */;
			targetProxy = 7A3122C22469017D001B1C82 /* PBXContainerItemProxy */;
		};
		7A3122CE2469017D001B1C82 /* PBXTargetDependency */ = {
			isa = PBXTargetDependency;
			target = 7A3122AA24690175001B1C82 /* Photorama */;
			targetProxy = 7A3122CD2469017D001B1C82 /* PBXContainerItemProxy */;
		};
/* End PBXTargetDependency section */

/* Begin PBXVariantGroup section */
		7A3122B424690175001B1C82 /* Main.storyboard */ = {
			isa = PBXVariantGroup;
			children = (
				7A3122B524690175001B1C82 /* Base */,
			);
			name = Main.storyboard;
			sourceTree = "<group>";
		};
		7A3122B92469017D001B1C82 /* LaunchScreen.storyboard */ = {
			isa = PBXVariantGroup;
			children = (
				7A3122BA2469017D001B1C82 /* Base */,
			);
			name = LaunchScreen.storyboard;
			sourceTree = "<group>";
		};
/* End PBXVariantGroup section */

/* Begin XCBuildConfiguration section */
		7A3122D32469017D001B1C82 /* Debug */ = {
			isa = XCBuildConfiguration;
			buildSettings = {
				ALWAYS_SEARCH_USER_PATHS = NO;
				CLANG_ANALYZER_NONNULL = YES;
				CLANG_ANALYZER_NUMBER_OBJECT_CONVERSION = YES_AGGRESSIVE;
				CLANG_CXX_LANGUAGE_STANDARD = "gnu++14";
				CLANG_CXX_LIBRARY = "libc++";
				CLANG_ENABLE_MODULES = YES;
				CLANG_ENABLE_OBJC_ARC = YES;
				CLANG_ENABLE_OBJC_WEAK = YES;
				CLANG_WARN_BLOCK_CAPTURE_AUTORELEASING = YES;
				CLANG_WARN_BOOL_CONVERSION = YES;
				CLANG_WARN_COMMA = YES;
				CLANG_WARN_CONSTANT_CONVERSION = YES;
				CLANG_WARN_DEPRECATED_OBJC_IMPLEMENTATIONS = YES;
				CLANG_WARN_DIRECT_OBJC_ISA_USAGE = YES_ERROR;
				CLANG_WARN_DOCUMENTATION_COMMENTS = YES;
				CLANG_WARN_EMPTY_BODY = YES;
				CLANG_WARN_ENUM_CONVERSION = YES;
				CLANG_WARN_INFINITE_RECURSION = YES;
				CLANG_WARN_INT_CONVERSION = YES;
				CLANG_WARN_NON_LITERAL_NULL_CONVERSION = YES;
				CLANG_WARN_OBJC_IMPLICIT_RETAIN_SELF = YES;
				CLANG_WARN_OBJC_LITERAL_CONVERSION = YES;
				CLANG_WARN_OBJC_ROOT_CLASS = YES_ERROR;
				CLANG_WARN_RANGE_LOOP_ANALYSIS = YES;
				CLANG_WARN_STRICT_PROTOTYPES = YES;
				CLANG_WARN_SUSPICIOUS_MOVE = YES;
				CLANG_WARN_UNGUARDED_AVAILABILITY = YES_AGGRESSIVE;
				CLANG_WARN_UNREACHABLE_CODE = YES;
				CLANG_WARN__DUPLICATE_METHOD_MATCH = YES;
				COPY_PHASE_STRIP = NO;
				DEBUG_INFORMATION_FORMAT = dwarf;
				ENABLE_STRICT_OBJC_MSGSEND = YES;
				ENABLE_TESTABILITY = YES;
				GCC_C_LANGUAGE_STANDARD = gnu11;
				GCC_DYNAMIC_NO_PIC = NO;
				GCC_NO_COMMON_BLOCKS = YES;
				GCC_OPTIMIZATION_LEVEL = 0;
				GCC_PREPROCESSOR_DEFINITIONS = (
					"DEBUG=1",
					"$(inherited)",
				);
				GCC_WARN_64_TO_32_BIT_CONVERSION = YES;
				GCC_WARN_ABOUT_RETURN_TYPE = YES_ERROR;
				GCC_WARN_UNDECLARED_SELECTOR = YES;
				GCC_WARN_UNINITIALIZED_AUTOS = YES_AGGRESSIVE;
				GCC_WARN_UNUSED_FUNCTION = YES;
				GCC_WARN_UNUSED_VARIABLE = YES;
				IPHONEOS_DEPLOYMENT_TARGET = 13.2;
				MTL_ENABLE_DEBUG_INFO = INCLUDE_SOURCE;
				MTL_FAST_MATH = YES;
				ONLY_ACTIVE_ARCH = YES;
				SDKROOT = iphoneos;
				SWIFT_ACTIVE_COMPILATION_CONDITIONS = DEBUG;
				SWIFT_OPTIMIZATION_LEVEL = "-Onone";
			};
			name = Debug;
		};
		7A3122D42469017D001B1C82 /* Release */ = {
			isa = XCBuildConfiguration;
			buildSettings = {
				ALWAYS_SEARCH_USER_PATHS = NO;
				CLANG_ANALYZER_NONNULL = YES;
				CLANG_ANALYZER_NUMBER_OBJECT_CONVERSION = YES_AGGRESSIVE;
				CLANG_CXX_LANGUAGE_STANDARD = "gnu++14";
				CLANG_CXX_LIBRARY = "libc++";
				CLANG_ENABLE_MODULES = YES;
				CLANG_ENABLE_OBJC_ARC = YES;
				CLANG_ENABLE_OBJC_WEAK = YES;
				CLANG_WARN_BLOCK_CAPTURE_AUTORELEASING = YES;
				CLANG_WARN_BOOL_CONVERSION = YES;
				CLANG_WARN_COMMA = YES;
				CLANG_WARN_CONSTANT_CONVERSION = YES;
				CLANG_WARN_DEPRECATED_OBJC_IMPLEMENTATIONS = YES;
				CLANG_WARN_DIRECT_OBJC_ISA_USAGE = YES_ERROR;
				CLANG_WARN_DOCUMENTATION_COMMENTS = YES;
				CLANG_WARN_EMPTY_BODY = YES;
				CLANG_WARN_ENUM_CONVERSION = YES;
				CLANG_WARN_INFINITE_RECURSION = YES;
				CLANG_WARN_INT_CONVERSION = YES;
				CLANG_WARN_NON_LITERAL_NULL_CONVERSION = YES;
				CLANG_WARN_OBJC_IMPLICIT_RETAIN_SELF = YES;
				CLANG_WARN_OBJC_LITERAL_CONVERSION = YES;
				CLANG_WARN_OBJC_ROOT_CLASS = YES_ERROR;
				CLANG_WARN_RANGE_LOOP_ANALYSIS = YES;
				CLANG_WARN_STRICT_PROTOTYPES = YES;
				CLANG_WARN_SUSPICIOUS_MOVE = YES;
				CLANG_WARN_UNGUARDED_AVAILABILITY = YES_AGGRESSIVE;
				CLANG_WARN_UNREACHABLE_CODE = YES;
				CLANG_WARN__DUPLICATE_METHOD_MATCH = YES;
				COPY_PHASE_STRIP = NO;
				DEBUG_INFORMATION_FORMAT = "dwarf-with-dsym";
				ENABLE_NS_ASSERTIONS = NO;
				ENABLE_STRICT_OBJC_MSGSEND = YES;
				GCC_C_LANGUAGE_STANDARD = gnu11;
				GCC_NO_COMMON_BLOCKS = YES;
				GCC_WARN_64_TO_32_BIT_CONVERSION = YES;
				GCC_WARN_ABOUT_RETURN_TYPE = YES_ERROR;
				GCC_WARN_UNDECLARED_SELECTOR = YES;
				GCC_WARN_UNINITIALIZED_AUTOS = YES_AGGRESSIVE;
				GCC_WARN_UNUSED_FUNCTION = YES;
				GCC_WARN_UNUSED_VARIABLE = YES;
				IPHONEOS_DEPLOYMENT_TARGET = 13.2;
				MTL_ENABLE_DEBUG_INFO = NO;
				MTL_FAST_MATH = YES;
				SDKROOT = iphoneos;
				SWIFT_COMPILATION_MODE = wholemodule;
				SWIFT_OPTIMIZATION_LEVEL = "-O";
				VALIDATE_PRODUCT = YES;
			};
			name = Release;
		};
		7A3122D62469017D001B1C82 /* Debug */ = {
			isa = XCBuildConfiguration;
			buildSettings = {
				ASSETCATALOG_COMPILER_APPICON_NAME = AppIcon;
				CODE_SIGN_STYLE = Automatic;
				INFOPLIST_FILE = Photorama/Info.plist;
				LD_RUNPATH_SEARCH_PATHS = (
					"$(inherited)",
					"@executable_path/Frameworks",
				);
				PRODUCT_BUNDLE_IDENTIFIER = com.ahadisi.Photorama;
				PRODUCT_NAME = "$(TARGET_NAME)";
				SWIFT_VERSION = 5.0;
				TARGETED_DEVICE_FAMILY = "1,2";
			};
			name = Debug;
		};
		7A3122D72469017D001B1C82 /* Release */ = {
			isa = XCBuildConfiguration;
			buildSettings = {
				ASSETCATALOG_COMPILER_APPICON_NAME = AppIcon;
				CODE_SIGN_STYLE = Automatic;
				INFOPLIST_FILE = Photorama/Info.plist;
				LD_RUNPATH_SEARCH_PATHS = (
					"$(inherited)",
					"@executable_path/Frameworks",
				);
				PRODUCT_BUNDLE_IDENTIFIER = com.ahadisi.Photorama;
				PRODUCT_NAME = "$(TARGET_NAME)";
				SWIFT_VERSION = 5.0;
				TARGETED_DEVICE_FAMILY = "1,2";
			};
			name = Release;
		};
		7A3122D92469017D001B1C82 /* Debug */ = {
			isa = XCBuildConfiguration;
			buildSettings = {
				ALWAYS_EMBED_SWIFT_STANDARD_LIBRARIES = YES;
				BUNDLE_LOADER = "$(TEST_HOST)";
				CODE_SIGN_STYLE = Automatic;
				INFOPLIST_FILE = PhotoramaTests/Info.plist;
				IPHONEOS_DEPLOYMENT_TARGET = 13.2;
				LD_RUNPATH_SEARCH_PATHS = (
					"$(inherited)",
					"@executable_path/Frameworks",
					"@loader_path/Frameworks",
				);
				PRODUCT_BUNDLE_IDENTIFIER = com.ahadisi.PhotoramaTests;
				PRODUCT_NAME = "$(TARGET_NAME)";
				SWIFT_VERSION = 5.0;
				TARGETED_DEVICE_FAMILY = "1,2";
				TEST_HOST = "$(BUILT_PRODUCTS_DIR)/Photorama.app/Photorama";
			};
			name = Debug;
		};
		7A3122DA2469017D001B1C82 /* Release */ = {
			isa = XCBuildConfiguration;
			buildSettings = {
				ALWAYS_EMBED_SWIFT_STANDARD_LIBRARIES = YES;
				BUNDLE_LOADER = "$(TEST_HOST)";
				CODE_SIGN_STYLE = Automatic;
				INFOPLIST_FILE = PhotoramaTests/Info.plist;
				IPHONEOS_DEPLOYMENT_TARGET = 13.2;
				LD_RUNPATH_SEARCH_PATHS = (
					"$(inherited)",
					"@executable_path/Frameworks",
					"@loader_path/Frameworks",
				);
				PRODUCT_BUNDLE_IDENTIFIER = com.ahadisi.PhotoramaTests;
				PRODUCT_NAME = "$(TARGET_NAME)";
				SWIFT_VERSION = 5.0;
				TARGETED_DEVICE_FAMILY = "1,2";
				TEST_HOST = "$(BUILT_PRODUCTS_DIR)/Photorama.app/Photorama";
			};
			name = Release;
		};
		7A3122DC2469017D001B1C82 /* Debug */ = {
			isa = XCBuildConfiguration;
			buildSettings = {
				ALWAYS_EMBED_SWIFT_STANDARD_LIBRARIES = YES;
				CODE_SIGN_STYLE = Automatic;
				INFOPLIST_FILE = PhotoramaUITests/Info.plist;
				LD_RUNPATH_SEARCH_PATHS = (
					"$(inherited)",
					"@executable_path/Frameworks",
					"@loader_path/Frameworks",
				);
				PRODUCT_BUNDLE_IDENTIFIER = com.ahadisi.PhotoramaUITests;
				PRODUCT_NAME = "$(TARGET_NAME)";
				SWIFT_VERSION = 5.0;
				TARGETED_DEVICE_FAMILY = "1,2";
				TEST_TARGET_NAME = Photorama;
			};
			name = Debug;
		};
		7A3122DD2469017D001B1C82 /* Release */ = {
			isa = XCBuildConfiguration;
			buildSettings = {
				ALWAYS_EMBED_SWIFT_STANDARD_LIBRARIES = YES;
				CODE_SIGN_STYLE = Automatic;
				INFOPLIST_FILE = PhotoramaUITests/Info.plist;
				LD_RUNPATH_SEARCH_PATHS = (
					"$(inherited)",
					"@executable_path/Frameworks",
					"@loader_path/Frameworks",
				);
				PRODUCT_BUNDLE_IDENTIFIER = com.ahadisi.PhotoramaUITests;
				PRODUCT_NAME = "$(TARGET_NAME)";
				SWIFT_VERSION = 5.0;
				TARGETED_DEVICE_FAMILY = "1,2";
				TEST_TARGET_NAME = Photorama;
			};
			name = Release;
		};
/* End XCBuildConfiguration section */

/* Begin XCConfigurationList section */
		7A3122A624690175001B1C82 /* Build configuration list for PBXProject "Photorama" */ = {
			isa = XCConfigurationList;
			buildConfigurations = (
				7A3122D32469017D001B1C82 /* Debug */,
				7A3122D42469017D001B1C82 /* Release */,
			);
			defaultConfigurationIsVisible = 0;
			defaultConfigurationName = Release;
		};
		7A3122D52469017D001B1C82 /* Build configuration list for PBXNativeTarget "Photorama" */ = {
			isa = XCConfigurationList;
			buildConfigurations = (
				7A3122D62469017D001B1C82 /* Debug */,
				7A3122D72469017D001B1C82 /* Release */,
			);
			defaultConfigurationIsVisible = 0;
			defaultConfigurationName = Release;
		};
		7A3122D82469017D001B1C82 /* Build configuration list for PBXNativeTarget "PhotoramaTests" */ = {
			isa = XCConfigurationList;
			buildConfigurations = (
				7A3122D92469017D001B1C82 /* Debug */,
				7A3122DA2469017D001B1C82 /* Release */,
			);
			defaultConfigurationIsVisible = 0;
			defaultConfigurationName = Release;
		};
		7A3122DB2469017D001B1C82 /* Build configuration list for PBXNativeTarget "PhotoramaUITests" */ = {
			isa = XCConfigurationList;
			buildConfigurations = (
				7A3122DC2469017D001B1C82 /* Debug */,
				7A3122DD2469017D001B1C82 /* Release */,
			);
			defaultConfigurationIsVisible = 0;
			defaultConfigurationName = Release;
		};
/* End XCConfigurationList section */

/* Begin XCVersionGroup section */
		7A31232E246A23FC001B1C82 /* Photorama.xcdatamodeld */ = {
			isa = XCVersionGroup;
			children = (
				7A31232F246A23FC001B1C82 /* Photorama.xcdatamodel */,
			);
			currentVersion = 7A31232F246A23FC001B1C82 /* Photorama.xcdatamodel */;
			path = Photorama.xcdatamodeld;
			sourceTree = "<group>";
			versionGroupType = wrapper.xcdatamodel;
		};
/* End XCVersionGroup section */
	};
	rootObject = 7A3122A324690175001B1C82 /* Project object */;
}
